
Microsoft Visual Studio Solution File, Format Version 12.00
# Visual Studio 15
VisualStudioVersion = 15.0.27428.2005
MinimumVisualStudioVersion = 10.0.40219.1
Project("{8BC9CEB8-8B4A-11D0-8D11-00A0C91BC942}") = "Mutegram", "Mutegram\Mutegram.vcxproj", "{86CF675E-14BF-468B-BDFF-24A06FC16CD2}"
EndProject
Global
	GlobalSection(SolutionConfigurationPlatforms) = preSolution
		Debug|x86 = Debug|x86
		Release|x86 = Release|x86
	EndGlobalSection
	GlobalSection(ProjectConfigurationPlatforms) = postSolution
		{86CF675E-14BF-468B-BDFF-24A06FC16CD2}.Debug|x86.ActiveCfg = Debug|Win32
		{86CF675E-14BF-468B-BDFF-24A06FC16CD2}.Debug|x86.Build.0 = Debug|Win32
		{86CF675E-14BF-468B-BDFF-24A06FC16CD2}.Release|x86.ActiveCfg = Release|Win32
		{86CF675E-14BF-468B-BDFF-24A06FC16CD2}.Release|x86.Build.0 = Release|Win32
	EndGlobalSection
	GlobalSection(SolutionProperties) = preSolution
		HideSolutionNode = FALSE
	EndGlobalSection
	GlobalSection(ExtensibilityGlobals) = postSolution
		SolutionGuid = {9CA9FB2D-2A05-49EC-B642-9FF08C6669EF}
	EndGlobalSection
EndGlobal
